
Microsoft Visual Studio Solution File, Format Version 12.00
# Visual Studio for Mac
Project("{FAE04EC0-301F-11D3-BF4B-00C04F79EFBC}") = "Shattered ver 1", "Shattered ver 1.csproj", "{0BF8B472-1EB9-26CD-992F-94BA73A9551C}"
EndProject
Project("{FAE04EC0-301F-11D3-BF4B-00C04F79EFBC}") = "Shattered ver 1.Editor", "Shattered ver 1.Editor.csproj", "{ABF8B40E-74AB-162F-FC79-97A7592BF962}"
EndProject
Global
	GlobalSection(SolutionConfigurationPlatforms) = preSolution
		Debug|Any CPU = Debug|Any CPU
		Release|Any CPU = Release|Any CPU
	EndGlobalSection
	GlobalSection(ProjectConfigurationPlatforms) = postSolution
		{0BF8B472-1EB9-26CD-992F-94BA73A9551C}.Debug|Any CPU.ActiveCfg = Debug|Any CPU
		{0BF8B472-1EB9-26CD-992F-94BA73A9551C}.Debug|Any CPU.Build.0 = Debug|Any CPU
		{0BF8B472-1EB9-26CD-992F-94BA73A9551C}.Release|Any CPU.ActiveCfg = Release|Any CPU
		{0BF8B472-1EB9-26CD-992F-94BA73A9551C}.Release|Any CPU.Build.0 = Release|Any CPU
		{ABF8B40E-74AB-162F-FC79-97A7592BF962}.Debug|Any CPU.ActiveCfg = Debug|Any CPU
		{ABF8B40E-74AB-162F-FC79-97A7592BF962}.Debug|Any CPU.Build.0 = Debug|Any CPU
		{ABF8B40E-74AB-162F-FC79-97A7592BF962}.Release|Any CPU.ActiveCfg = Release|Any CPU
		{ABF8B40E-74AB-162F-FC79-97A7592BF962}.Release|Any CPU.Build.0 = Release|Any CPU
	EndGlobalSection
	GlobalSection(SolutionProperties) = preSolution
		HideSolutionNode = FALSE
	EndGlobalSection
EndGlobal
